<?xml version="1.0" encoding="utf-8"?>
<Project ToolsVersion="4.0" xmlns="http://schemas.microsoft.com/developer/msbuild/2003">
  <ItemGroup>
    <Filter Include="Application">
      <UniqueIdentifier>{5fb7a1d6-f6f3-4741-ae78-054f55d7d5c5}</UniqueIdentifier>
    </Filter>
    <Filter Include="Application\Source">
      <UniqueIdentifier>{7aa400a7-515a-4ef8-a9c3-cd1fc3a94340}</UniqueIdentifier>
    </Filter>
    <Filter Include="Application\Header">
      <UniqueIdentifier>{3e3912b1-f7c4-4f37-ba91-2ab791471e21}</UniqueIdentifier>
    </Filter>
    <Filter Include="GameEngine">
      <UniqueIdentifier>{9cd9f05f-83be-4183-9719-3e1f09f5f6e8}</UniqueIdentifier>
    </Filter>
    <Filter Include="GameEngine\WindowingSystem">
      <UniqueIdentifier>{1a8077b3-ea9f-4eae-b774-1d594f3d0280}</UniqueIdentifier>
    </Filter>
    <Filter Include="GameEngine\GraphicEngine">
      <UniqueIdentifier>{a1fb0d3a-e2d1-4a27-9879-d9fd427d60d2}</UniqueIdentifier>
    </Filter>
    <Filter Include="GameEngine\Math">
      <UniqueIdentifier>{3fe0c72e-ccbd-47fb-af9e-876d701149bf}</UniqueIdentifier>
    </Filter>
    <Filter Include="GameEngine\InputSystem">
      <UniqueIdentifier>{27e5eb49-45f2-44e1-ba69-ae4c4ecf1ebf}</UniqueIdentifier>
    </Filter>
    <Filter Include="GameEngine\GraphicEngine\RenderSystem">
      <UniqueIdentifier>{807d9115-4a04-43a7-8cb9-2cec5c3c41d9}</UniqueIdentifier>
    </Filter>
    <Filter Include="GameEngine\GraphicEngine\RenderSystem\ConstantBuffer">
      <UniqueIdentifier>{1d77b117-a196-47a3-8563-5f3360eae03f}</UniqueIdentifier>
    </Filter>
    <Filter Include="GameEngine\GraphicEngine\RenderSystem\DeviceContext">
      <UniqueIdentifier>{637eda79-4782-49ea-8086-0b84ea502a25}</UniqueIdentifier>
    </Filter>
    <Filter Include="GameEngine\GraphicEngine\RenderSystem\IndexBuffer">
      <UniqueIdentifier>{84204bc6-0292-4721-86ad-8bd966fff8e0}</UniqueIdentifier>
    </Filter>
    <Filter Include="GameEngine\GraphicEngine\RenderSystem\PixelShader">
      <UniqueIdentifier>{3483c1a6-c687-4422-8656-0e8dc0af9522}</UniqueIdentifier>
    </Filter>
    <Filter Include="GameEngine\GraphicEngine\RenderSystem\SwapChain">
      <UniqueIdentifier>{b4d5c11b-58d5-4c7d-a149-cdb5db9bd406}</UniqueIdentifier>
    </Filter>
    <Filter Include="GameEngine\GraphicEngine\RenderSystem\VertexBufer">
      <UniqueIdentifier>{40e1cd99-23c9-42dc-ab59-373e43b936a0}</UniqueIdentifier>
    </Filter>
    <Filter Include="GameEngine\GraphicEngine\RenderSystem\VertexShader">
      <UniqueIdentifier>{44325622-3261-494d-a352-f30c16fa677b}</UniqueIdentifier>
    </Filter>
    <Filter Include="GameEngine\GraphicEngine\ResourceManager">
      <UniqueIdentifier>{f99f1ec8-c7dc-40f5-a930-75aa3f65a2ea}</UniqueIdentifier>
    </Filter>
    <Filter Include="GameEngine\GraphicEngine\ResourceManager\TextureManager">
      <UniqueIdentifier>{9bdf3d68-027c-43ff-a625-50b9d51ae29b}</UniqueIdentifier>
    </Filter>
    <Filter Include="GameEngine\GraphicEngine\ResourceManager\MeshManager">
      <UniqueIdentifier>{7255676e-d859-44c7-b278-ee33229ac3bb}</UniqueIdentifier>
    </Filter>
  </ItemGroup>
  <ItemGroup>
    <ClCompile Include="main.cpp">
      <Filter>Application</Filter>
    </ClCompile>
    <ClCompile Include="LMEngine\Source\WindowSystem\MainWindow.cpp">
      <Filter>GameEngine\WindowingSystem</Filter>
    </ClCompile>
    <ClCompile Include="LMEngine\Source\Core\GraphicEngine.cpp">
      <Filter>GameEngine\GraphicEngine</Filter>
    </ClCompile>
    <ClCompile Include="LMEngine\Source\Core\SwapChain.cpp">
      <Filter>GameEngine\GraphicEngine\RenderSystem\SwapChain</Filter>
    </ClCompile>
    <ClCompile Include="LMEngine\Source\Core\DeviceContext.cpp">
      <Filter>GameEngine\GraphicEngine\RenderSystem\DeviceContext</Filter>
    </ClCompile>
    <ClCompile Include="LMEngine\Source\Core\VertexBuffer.cpp">
      <Filter>GameEngine\GraphicEngine\RenderSystem\VertexBufer</Filter>
    </ClCompile>
    <ClCompile Include="LMEngine\Source\Core\VertexShader.cpp">
      <Filter>GameEngine\GraphicEngine\RenderSystem\VertexShader</Filter>
    </ClCompile>
    <ClCompile Include="LMEngine\Source\Core\PixelShader.cpp">
      <Filter>GameEngine\GraphicEngine\RenderSystem\PixelShader</Filter>
    </ClCompile>
    <ClCompile Include="LMEngine\Source\Core\ConstantBuffer.cpp">
      <Filter>GameEngine\GraphicEngine\RenderSystem\ConstantBuffer</Filter>
    </ClCompile>
    <ClCompile Include="LMEngine\Source\Core\IndexBuffer.cpp">
      <Filter>GameEngine\GraphicEngine\RenderSystem\IndexBuffer</Filter>
    </ClCompile>
    <ClCompile Include="LMEngine\Source\InputSystem\InputSystem.cpp">
      <Filter>GameEngine\InputSystem</Filter>
    </ClCompile>
    <ClCompile Include="LMEngine\Source\Core\RenderSystem.cpp">
      <Filter>GameEngine\GraphicEngine\RenderSystem</Filter>
    </ClCompile>
    <ClCompile Include="LMEngine\Include\stdafx.cpp" />
    <ClCompile Include="LMEngine\Source\InputSystem\GamePad.cpp" />
    <ClCompile Include="LMEngine\Source\Game\Game.cpp" />
    <ClCompile Include="LMEngine\Source\Game\Display.cpp" />
    <ClCompile Include="LMEngine\Source\ResourceManagers\ResourceManager.cpp" />
    <ClCompile Include="LMEngine\Source\ResourceManagers\Resource.cpp" />
    <ClCompile Include="LMEngine\Source\ResourceManagers\Mesh.cpp" />
    <ClCompile Include="LMEngine\Source\Core\Texture2D.cpp" />
    <ClCompile Include="LMEngine\Source\ResourceManagers\Texture.cpp" />
    <ClCompile Include="LMEngine\Source\ResourceManagers\Material.cpp" />
  </ItemGroup>
  <ItemGroup>
    <ClInclude Include="LMEngine\Include\WindowSystem\MainWindow.h">
      <Filter>GameEngine\WindowingSystem</Filter>
    </ClInclude>
    <ClInclude Include="LMEngine\Include\Core\GraphicEngine.h">
      <Filter>GameEngine\GraphicEngine</Filter>
    </ClInclude>
    <ClInclude Include="LMEngine\Include\Core\SwapChain.h">
      <Filter>GameEngine\GraphicEngine\RenderSystem\SwapChain</Filter>
    </ClInclude>
    <ClInclude Include="LMEngine\Include\Core\DeviceContext.h">
      <Filter>GameEngine\GraphicEngine\RenderSystem\DeviceContext</Filter>
    </ClInclude>
    <ClInclude Include="LMEngine\Include\Math\Vec4.h">
      <Filter>GameEngine\Math</Filter>
    </ClInclude>
    <ClInclude Include="LMEngine\Include\Core\VertexBuffer.h">
      <Filter>GameEngine\GraphicEngine\RenderSystem\VertexBufer</Filter>
    </ClInclude>
    <ClInclude Include="LMEngine\Include\Math\Vec3.h">
      <Filter>GameEngine\Math</Filter>
    </ClInclude>
    <ClInclude Include="LMEngine\Include\Math\Vertex.h">
      <Filter>GameEngine\Math</Filter>
    </ClInclude>
    <ClInclude Include="LMEngine\Include\Core\VertexShader.h">
      <Filter>GameEngine\GraphicEngine\RenderSystem\VertexShader</Filter>
    </ClInclude>
    <ClInclude Include="LMEngine\Include\Core\PixelShader.h">
      <Filter>GameEngine\GraphicEngine\RenderSystem\PixelShader</Filter>
    </ClInclude>
    <ClInclude Include="LMEngine\Include\Core\ConstantBuffer.h">
      <Filter>GameEngine\GraphicEngine\RenderSystem\ConstantBuffer</Filter>
    </ClInclude>
    <ClInclude Include="LMEngine\Include\Math\Vector3D.h">
      <Filter>GameEngine\Math</Filter>
    </ClInclude>
    <ClInclude Include="LMEngine\Include\Math\Matrix4x4.h">
      <Filter>GameEngine\Math</Filter>
    </ClInclude>
    <ClInclude Include="LMEngine\Include\Core\IndexBuffer.h">
      <Filter>GameEngine\GraphicEngine\RenderSystem\IndexBuffer</Filter>
    </ClInclude>
    <ClInclude Include="LMEngine\Include\InputSystem\InputSystem.h">
      <Filter>GameEngine\InputSystem</Filter>
    </ClInclude>
    <ClInclude Include="LMEngine\Include\InputSystem\InputListener.h">
      <Filter>GameEngine\InputSystem</Filter>
    </ClInclude>
    <ClInclude Include="LMEngine\Include\Math\Point.h">
      <Filter>GameEngine\Math</Filter>
    </ClInclude>
    <ClInclude Include="LMEngine\Include\Math\Vector4D.h">
      <Filter>GameEngine\Math</Filter>
    </ClInclude>
    <ClInclude Include="LMEngine\Include\Core\RenderSystem.h">
      <Filter>GameEngine\GraphicEngine\RenderSystem</Filter>
    </ClInclude>
    <ClInclude Include="LMEngine\Include\Prerequisites.h">
      <Filter>GameEngine\GraphicEngine</Filter>
    </ClInclude>
    <ClInclude Include="LMEngine\Include\Math\Vec2.h">
      <Filter>GameEngine\Math</Filter>
    </ClInclude>
    <ClInclude Include="LMEngine\Include\Math\Vector2D.h">
      <Filter>GameEngine\Math</Filter>
    </ClInclude>
    <ClInclude Include="LMEngine\Include\stdafx.h" />
    <ClInclude Include="LMEngine\Include\InputSystem\GamePad.h" />
    <ClInclude Include="LMEngine\Include\Math\Rect.h" />
    <ClInclude Include="LMEngine\Include\Math\MathUtils.h" />
    <ClInclude Include="LMEngine\Include\Game\Game.h" />
    <ClInclude Include="LMEngine\Include\Game\Display.h" />
    <ClInclude Include="LMEngine\Include\ResourceManagers\ResourceManager.h" />
    <ClInclude Include="LMEngine\Include\ResourceManagers\Resource.h" />
    <ClInclude Include="LMEngine\Include\ResourceManagers\Mesh.h" />
    <ClInclude Include="LMEngine\Include\Math\VertexMesh.h" />
    <ClInclude Include="LMEngine\Include\Core\Texture2D.h" />
    <ClInclude Include="LMEngine\Include\ResourceManagers\Texture.h" />
    <ClInclude Include="LMEngine\Include\ResourceManagers\Material.h" />
  </ItemGroup>
  <ItemGroup>
    <FxCompile Include="Resources\Shader\VertexShader.hlsl" />
    <FxCompile Include="Resources\Shader\PixelShader.hlsl" />
    <FxCompile Include="Resources\Shader\VertexMeshLayoutShader.hlsl" />
    <FxCompile Include="Resources\Shader\SkyBoxPixelShader.hlsl" />
    <FxCompile Include="Resources\Shader\PointLightVertexShader.hlsl" />
    <FxCompile Include="Resources\Shader\PointLightPixelShader.hlsl" />
    <FxCompile Include="Resources\Shader\DirLightBumpVS.hlsl" />
    <FxCompile Include="Resources\Shader\DirLightBumpPS.hlsl" />
    <FxCompile Include="Resources\Shader\DirectionalLightVertexShader.hlsl" />
    <FxCompile Include="Resources\Shader\DirectionalLightPixelShader.hlsl" />
    <FxCompile Include="Resources\Shader\SkyBoxVertexShader.hlsl" />
    <FxCompile Include="Resources\Shader\PostProcessVS.hlsl" />
    <FxCompile Include="Resources\Shader\DistortionEffect.hlsl" />
    <FxCompile Include="Resources\Shader\MyMaterial.hlsl" />
  </ItemGroup>
</Project>